{
  "version": "3",
  "packages": {
    "specifiers": {
      "jsr:@core/match@^0.3.1": "jsr:@core/match@0.3.1",
      "jsr:@core/unknownutil@3.18.0": "jsr:@core/unknownutil@3.18.0",
      "jsr:@core/unknownutil@^3.18.1": "jsr:@core/unknownutil@3.18.1",
      "jsr:@deno/graph@^0.81.0": "jsr:@deno/graph@0.81.0",
      "jsr:@molt/core@^0.19.0": "jsr:@molt/core@0.19.3",
      "jsr:@molt/core@^0.19.1": "jsr:@molt/core@0.19.3",
      "jsr:@molt/integration@^0.19.0": "jsr:@molt/integration@0.19.3",
      "jsr:@molt/lib@^0.19.0": "jsr:@molt/lib@0.19.0",
      "jsr:@std/assert@0.224.0": "jsr:@std/assert@0.224.0",
      "jsr:@std/assert@^1.0.0": "jsr:@std/assert@1.0.1",
      "jsr:@std/bytes@^1.0.2-rc.3": "jsr:@std/bytes@1.0.2",
      "jsr:@std/collections@0.224.0": "jsr:@std/collections@0.224.0",
      "jsr:@std/collections@^1.0.0": "jsr:@std/collections@1.0.5",
      "jsr:@std/collections@^1.0.1": "jsr:@std/collections@1.0.5",
      "jsr:@std/fmt@^0.224.0": "jsr:@std/fmt@0.224.0",
      "jsr:@std/fs@^1.0.0": "jsr:@std/fs@1.0.0",
      "jsr:@std/internal@^0.224.0": "jsr:@std/internal@0.224.0",
      "jsr:@std/internal@^1.0.1": "jsr:@std/internal@1.0.1",
      "jsr:@std/json@^1.0.0": "jsr:@std/json@1.0.0",
      "jsr:@std/jsonc@^1.0.0": "jsr:@std/jsonc@1.0.0",
      "jsr:@std/path@^1.0.0": "jsr:@std/path@1.0.2",
      "jsr:@std/path@^1.0.2": "jsr:@std/path@1.0.2",
      "jsr:@std/semver@^0.224.3": "jsr:@std/semver@0.224.3",
      "jsr:@std/streams@^1.0.0": "jsr:@std/streams@1.0.0",
      "npm:@actions/core@^1.10.1": "npm:@actions/core@1.10.1",
      "npm:@actions/github@^6.0.0": "npm:@actions/github@6.0.0_@octokit+core@5.2.0",
      "npm:@conventional-commits/parser@^0.4.1": "npm:@conventional-commits/parser@0.4.1",
      "npm:@octokit/rest@^21.0.0": "npm:@octokit/rest@21.0.1",
      "npm:dedent@^1.5.3": "npm:dedent@1.5.3",
      "npm:ts-toolbelt@9.6.0": "npm:ts-toolbelt@9.6.0"
    },
    "jsr": {
      "@core/match@0.3.1": {
        "integrity": "020bb0199f56877daf270a457bfeee19daa8c721819d36dc987c2a9df7cca4fd",
        "dependencies": [
          "jsr:@core/unknownutil@3.18.0",
          "npm:ts-toolbelt@9.6.0"
        ]
      },
      "@core/unknownutil@3.18.0": {
        "integrity": "bff7ab4a2f554bbade301127519523b0d3baa4273ecbed51287133ac00a48738"
      },
      "@core/unknownutil@3.18.1": {
        "integrity": "6aaa108b623ff971d062dd345da7ca03b97f61ae3d29c8677bff14fec11f0d76"
      },
      "@deno/graph@0.81.0": {
        "integrity": "2e2c3c9b5569bc759c132727a7d372e6d5c4dc792f8ba15c1a99c1226d6d0a56"
      },
      "@molt/core@0.19.0": {
        "integrity": "dfa8a86a8c4e7756fefda2bd444d86b8fb11bc1dbfa782ad0f80af07587f8886",
        "dependencies": [
          "jsr:@core/unknownutil@^3.18.1",
          "jsr:@deno/graph@^0.80.0",
          "jsr:@molt/lib@^0.19.0",
          "jsr:@std/assert@^1.0.0",
          "jsr:@std/collections@^1.0.1",
          "jsr:@std/fs@^1.0.0",
          "jsr:@std/jsonc@^1.0.0",
          "jsr:@std/path@^1.0.0",
          "jsr:@std/semver@^0.224.3"
        ]
      },
      "@molt/core@0.19.3": {
        "integrity": "5523b7882566c8433d2d2da1ff093c759975c40582f46d485413ccdd8d3c0325",
        "dependencies": [
          "jsr:@core/unknownutil@^3.18.1",
          "jsr:@deno/graph@^0.81.0",
          "jsr:@molt/lib@^0.19.0",
          "jsr:@std/assert@^1.0.0",
          "jsr:@std/collections@^1.0.1",
          "jsr:@std/fs@^1.0.0",
          "jsr:@std/jsonc@^1.0.0",
          "jsr:@std/path@^1.0.0",
          "jsr:@std/semver@^0.224.3"
        ]
      },
      "@molt/integration@0.19.3": {
        "integrity": "3c924aed2a2763416034d8075237fa535bc05192b3d9d45afd04ffa4c67e8bec",
        "dependencies": [
          "jsr:@core/match@^0.3.1",
          "jsr:@core/unknownutil@^3.18.1",
          "jsr:@molt/core@^0.19.0",
          "jsr:@std/jsonc@^1.0.0",
          "jsr:@std/path@^1.0.0",
          "jsr:@std/semver@^0.224.3",
          "npm:@octokit/rest@^21.0.0"
        ]
      },
      "@molt/lib@0.19.0": {
        "integrity": "5e9e6b70ba643abd257a8340957a2e2251d4fa06cf5009b9346a29f4e74f0988",
        "dependencies": [
          "jsr:@std/assert@^1.0.0",
          "jsr:@std/collections@^1.0.1",
          "jsr:@std/path@^1.0.0",
          "jsr:@std/semver@^0.224.3",
          "npm:@conventional-commits/parser@^0.4.1"
        ]
      },
      "@std/assert@0.224.0": {
        "integrity": "8643233ec7aec38a940a8264a6e3eed9bfa44e7a71cc6b3c8874213ff401967f",
        "dependencies": [
          "jsr:@std/fmt@^0.224.0",
          "jsr:@std/internal@^0.224.0"
        ]
      },
      "@std/assert@1.0.1": {
        "integrity": "13590ef8e5854f59e4ad252fd987e83239a1bf1f16cb9c69c1d123ebb807a75b",
        "dependencies": [
          "jsr:@std/internal@^1.0.1"
        ]
      },
      "@std/bytes@1.0.2": {
        "integrity": "fbdee322bbd8c599a6af186a1603b3355e59a5fb1baa139f8f4c3c9a1b3e3d57"
      },
      "@std/collections@0.224.0": {
        "integrity": "d00201d1833c6e05371c7e9f0b178522597b1dda0b0a9ecf0c579414e1dd2770"
      },
      "@std/collections@1.0.5": {
        "integrity": "ab9eac23b57a0c0b89ba45134e61561f69f3d001f37235a248ed40be260c0c10"
      },
      "@std/fmt@0.224.0": {
        "integrity": "e20e9a2312a8b5393272c26191c0a68eda8d2c4b08b046bad1673148f1d69851"
      },
      "@std/fs@1.0.0": {
        "integrity": "d72e4a125af7168d717a2ed1dca77a728b422b0d138fd20579e3fa41a77da943",
        "dependencies": [
          "jsr:@std/path@^1.0.2"
        ]
      },
      "@std/internal@0.224.0": {
        "integrity": "afc50644f9cdf4495eeb80523a8f6d27226b4b36c45c7c195dfccad4b8509291",
        "dependencies": [
          "jsr:@std/fmt@^0.224.0"
        ]
      },
      "@std/internal@1.0.1": {
        "integrity": "6f8c7544d06a11dd256c8d6ba54b11ed870aac6c5aeafff499892662c57673e6"
      },
      "@std/json@1.0.0": {
        "integrity": "985c1e544918d42e4e84072fc739ac4a19c3a5093292c99742ffcdd03fb6a268",
        "dependencies": [
          "jsr:@std/streams@^1.0.0"
        ]
      },
      "@std/jsonc@1.0.0": {
        "integrity": "835da212e586f3ef94ab25e8f0e8a7711a86fddbee95ad40c34d6b3d74da1a1b",
        "dependencies": [
          "jsr:@std/json@^1.0.0"
        ]
      },
      "@std/path@1.0.2": {
        "integrity": "a452174603f8c620bd278a380c596437a9eef50c891c64b85812f735245d9ec7"
      },
      "@std/semver@0.224.3": {
        "integrity": "7bb34b5ad46de2c0c73de0ca3e30081ef64b4361f66abd57c84ff1011c6a1233"
      },
      "@std/streams@1.0.0": {
        "integrity": "350242b8fad9874ed45f3c42df3d132bd0a958f8a8bae9bbfa1ff039716aa6fb",
        "dependencies": [
          "jsr:@std/bytes@^1.0.2-rc.3"
        ]
      }
    },
    "npm": {
      "@actions/core@1.10.1": {
        "integrity": "sha512-3lBR9EDAY+iYIpTnTIXmWcNbX3T2kCkAEQGIQx4NVQ0575nk2k3GRZDTPQG+vVtS2izSLmINlxXf0uLtnrTP+g==",
        "dependencies": {
          "@actions/http-client": "@actions/http-client@2.2.1",
          "uuid": "uuid@8.3.2"
        }
      },
      "@actions/github@6.0.0_@octokit+core@5.2.0": {
        "integrity": "sha512-alScpSVnYmjNEXboZjarjukQEzgCRmjMv6Xj47fsdnqGS73bjJNDpiiXmp8jr0UZLdUB6d9jW63IcmddUP+l0g==",
        "dependencies": {
          "@actions/http-client": "@actions/http-client@2.2.1",
          "@octokit/core": "@octokit/core@5.2.0",
          "@octokit/plugin-paginate-rest": "@octokit/plugin-paginate-rest@9.2.1_@octokit+core@5.2.0",
          "@octokit/plugin-rest-endpoint-methods": "@octokit/plugin-rest-endpoint-methods@10.4.1_@octokit+core@5.2.0"
        }
      },
      "@actions/http-client@2.2.1": {
        "integrity": "sha512-KhC/cZsq7f8I4LfZSJKgCvEwfkE8o1538VoBeoGzokVLLnbFDEAdFD3UhoMklxo2un9NJVBdANOresx7vTHlHw==",
        "dependencies": {
          "tunnel": "tunnel@0.0.6",
          "undici": "undici@5.28.4"
        }
      },
      "@conventional-commits/parser@0.4.1": {
        "integrity": "sha512-H2ZmUVt6q+KBccXfMBhbBF14NlANeqHTXL4qCL6QGbMzrc4HDXyzWuxPxPNbz71f/5UkR5DrycP5VO9u7crahg==",
        "dependencies": {
          "unist-util-visit": "unist-util-visit@2.0.3",
          "unist-util-visit-parents": "unist-util-visit-parents@3.1.1"
        }
      },
      "@fastify/busboy@2.1.1": {
        "integrity": "sha512-vBZP4NlzfOlerQTnba4aqZoMhE/a9HY7HRqoOPaETQcSQuWEIyZMHGfVu6w9wGtGK5fED5qRs2DteVCjOH60sA==",
        "dependencies": {}
      },
      "@octokit/auth-token@4.0.0": {
        "integrity": "sha512-tY/msAuJo6ARbK6SPIxZrPBms3xPbfwBrulZe0Wtr/DIY9lje2HeV1uoebShn6mx7SjCHif6EjMvoREj+gZ+SA==",
        "dependencies": {}
      },
      "@octokit/auth-token@5.1.1": {
        "integrity": "sha512-rh3G3wDO8J9wSjfI436JUKzHIxq8NaiL0tVeB2aXmG6p/9859aUOAjA9pmSPNGGZxfwmaJ9ozOJImuNVJdpvbA==",
        "dependencies": {}
      },
      "@octokit/core@5.2.0": {
        "integrity": "sha512-1LFfa/qnMQvEOAdzlQymH0ulepxbxnCYAKJZfMci/5XJyIHWgEYnDmgnKakbTh7CH2tFQ5O60oYDvns4i9RAIg==",
        "dependencies": {
          "@octokit/auth-token": "@octokit/auth-token@4.0.0",
          "@octokit/graphql": "@octokit/graphql@7.1.0",
          "@octokit/request": "@octokit/request@8.4.0",
          "@octokit/request-error": "@octokit/request-error@5.1.0",
          "@octokit/types": "@octokit/types@13.5.0",
          "before-after-hook": "before-after-hook@2.2.3",
          "universal-user-agent": "universal-user-agent@6.0.1"
        }
      },
      "@octokit/core@6.1.2": {
        "integrity": "sha512-hEb7Ma4cGJGEUNOAVmyfdB/3WirWMg5hDuNFVejGEDFqupeOysLc2sG6HJxY2etBp5YQu5Wtxwi020jS9xlUwg==",
        "dependencies": {
          "@octokit/auth-token": "@octokit/auth-token@5.1.1",
          "@octokit/graphql": "@octokit/graphql@8.1.1",
          "@octokit/request": "@octokit/request@9.1.3",
          "@octokit/request-error": "@octokit/request-error@6.1.4",
          "@octokit/types": "@octokit/types@13.5.0",
          "before-after-hook": "before-after-hook@3.0.2",
          "universal-user-agent": "universal-user-agent@7.0.2"
        }
      },
      "@octokit/endpoint@10.1.1": {
        "integrity": "sha512-JYjh5rMOwXMJyUpj028cu0Gbp7qe/ihxfJMLc8VZBMMqSwLgOxDI1911gV4Enl1QSavAQNJcwmwBF9M0VvLh6Q==",
        "dependencies": {
          "@octokit/types": "@octokit/types@13.5.0",
          "universal-user-agent": "universal-user-agent@7.0.2"
        }
      },
      "@octokit/endpoint@9.0.5": {
        "integrity": "sha512-ekqR4/+PCLkEBF6qgj8WqJfvDq65RH85OAgrtnVp1mSxaXF03u2xW/hUdweGS5654IlC0wkNYC18Z50tSYTAFw==",
        "dependencies": {
          "@octokit/types": "@octokit/types@13.5.0",
          "universal-user-agent": "universal-user-agent@6.0.1"
        }
      },
      "@octokit/graphql@7.1.0": {
        "integrity": "sha512-r+oZUH7aMFui1ypZnAvZmn0KSqAUgE1/tUXIWaqUCa1758ts/Jio84GZuzsvUkme98kv0WFY8//n0J1Z+vsIsQ==",
        "dependencies": {
          "@octokit/request": "@octokit/request@8.4.0",
          "@octokit/types": "@octokit/types@13.5.0",
          "universal-user-agent": "universal-user-agent@6.0.1"
        }
      },
      "@octokit/graphql@8.1.1": {
        "integrity": "sha512-ukiRmuHTi6ebQx/HFRCXKbDlOh/7xEV6QUXaE7MJEKGNAncGI/STSbOkl12qVXZrfZdpXctx5O9X1AIaebiDBg==",
        "dependencies": {
          "@octokit/request": "@octokit/request@9.1.3",
          "@octokit/types": "@octokit/types@13.5.0",
          "universal-user-agent": "universal-user-agent@7.0.2"
        }
      },
      "@octokit/openapi-types@20.0.0": {
        "integrity": "sha512-EtqRBEjp1dL/15V7WiX5LJMIxxkdiGJnabzYx5Apx4FkQIFgAfKumXeYAqqJCj1s+BMX4cPFIFC4OLCR6stlnA==",
        "dependencies": {}
      },
      "@octokit/openapi-types@22.2.0": {
        "integrity": "sha512-QBhVjcUa9W7Wwhm6DBFu6ZZ+1/t/oYxqc2tp81Pi41YNuJinbFRx8B133qVOrAaBbF7D/m0Et6f9/pZt9Rc+tg==",
        "dependencies": {}
      },
      "@octokit/plugin-paginate-rest@11.3.3": {
        "integrity": "sha512-o4WRoOJZlKqEEgj+i9CpcmnByvtzoUYC6I8PD2SA95M+BJ2x8h7oLcVOg9qcowWXBOdcTRsMZiwvM3EyLm9AfA==",
        "dependencies": {
          "@octokit/types": "@octokit/types@13.5.0"
        }
      },
      "@octokit/plugin-paginate-rest@9.2.1_@octokit+core@5.2.0": {
        "integrity": "sha512-wfGhE/TAkXZRLjksFXuDZdmGnJQHvtU/joFQdweXUgzo1XwvBCD4o4+75NtFfjfLK5IwLf9vHTfSiU3sLRYpRw==",
        "dependencies": {
          "@octokit/core": "@octokit/core@5.2.0",
          "@octokit/types": "@octokit/types@12.6.0"
        }
      },
      "@octokit/plugin-request-log@5.3.1": {
        "integrity": "sha512-n/lNeCtq+9ofhC15xzmJCNKP2BWTv8Ih2TTy+jatNCCq/gQP/V7rK3fjIfuz0pDWDALO/o/4QY4hyOF6TQQFUw==",
        "dependencies": {}
      },
      "@octokit/plugin-rest-endpoint-methods@10.4.1_@octokit+core@5.2.0": {
        "integrity": "sha512-xV1b+ceKV9KytQe3zCVqjg+8GTGfDYwaT1ATU5isiUyVtlVAO3HNdzpS4sr4GBx4hxQ46s7ITtZrAsxG22+rVg==",
        "dependencies": {
          "@octokit/core": "@octokit/core@5.2.0",
          "@octokit/types": "@octokit/types@12.6.0"
        }
      },
      "@octokit/plugin-rest-endpoint-methods@13.2.4": {
        "integrity": "sha512-gusyAVgTrPiuXOdfqOySMDztQHv6928PQ3E4dqVGEtOvRXAKRbJR4b1zQyniIT9waqaWk/UDaoJ2dyPr7Bk7Iw==",
        "dependencies": {
          "@octokit/types": "@octokit/types@13.5.0"
        }
      },
      "@octokit/request-error@5.1.0": {
        "integrity": "sha512-GETXfE05J0+7H2STzekpKObFe765O5dlAKUTLNGeH+x47z7JjXHfsHKo5z21D/o/IOZTUEI6nyWyR+bZVP/n5Q==",
        "dependencies": {
          "@octokit/types": "@octokit/types@13.5.0",
          "deprecation": "deprecation@2.3.1",
          "once": "once@1.4.0"
        }
      },
      "@octokit/request-error@6.1.4": {
        "integrity": "sha512-VpAhIUxwhWZQImo/dWAN/NpPqqojR6PSLgLYAituLM6U+ddx9hCioFGwBr5Mi+oi5CLeJkcAs3gJ0PYYzU6wUg==",
        "dependencies": {
          "@octokit/types": "@octokit/types@13.5.0"
        }
      },
      "@octokit/request@8.4.0": {
        "integrity": "sha512-9Bb014e+m2TgBeEJGEbdplMVWwPmL1FPtggHQRkV+WVsMggPtEkLKPlcVYm/o8xKLkpJ7B+6N8WfQMtDLX2Dpw==",
        "dependencies": {
          "@octokit/endpoint": "@octokit/endpoint@9.0.5",
          "@octokit/request-error": "@octokit/request-error@5.1.0",
          "@octokit/types": "@octokit/types@13.5.0",
          "universal-user-agent": "universal-user-agent@6.0.1"
        }
      },
      "@octokit/request@9.1.3": {
        "integrity": "sha512-V+TFhu5fdF3K58rs1pGUJIDH5RZLbZm5BI+MNF+6o/ssFNT4vWlCh/tVpF3NxGtP15HUxTTMUbsG5llAuU2CZA==",
        "dependencies": {
          "@octokit/endpoint": "@octokit/endpoint@10.1.1",
          "@octokit/request-error": "@octokit/request-error@6.1.4",
          "@octokit/types": "@octokit/types@13.5.0",
          "universal-user-agent": "universal-user-agent@7.0.2"
        }
      },
      "@octokit/rest@21.0.1": {
        "integrity": "sha512-RWA6YU4CqK0h0J6tfYlUFnH3+YgBADlxaHXaKSG+BVr2y4PTfbU2tlKuaQoQZ83qaTbi4CUxLNAmbAqR93A6mQ==",
        "dependencies": {
          "@octokit/core": "@octokit/core@6.1.2",
          "@octokit/plugin-paginate-rest": "@octokit/plugin-paginate-rest@11.3.3",
          "@octokit/plugin-request-log": "@octokit/plugin-request-log@5.3.1",
          "@octokit/plugin-rest-endpoint-methods": "@octokit/plugin-rest-endpoint-methods@13.2.4"
        }
      },
      "@octokit/types@12.6.0": {
        "integrity": "sha512-1rhSOfRa6H9w4YwK0yrf5faDaDTb+yLyBUKOCV4xtCDB5VmIPqd/v9yr9o6SAzOAlRxMiRiCic6JVM1/kunVkw==",
        "dependencies": {
          "@octokit/openapi-types": "@octokit/openapi-types@20.0.0"
        }
      },
      "@octokit/types@13.5.0": {
        "integrity": "sha512-HdqWTf5Z3qwDVlzCrP8UJquMwunpDiMPt5er+QjGzL4hqr/vBVY/MauQgS1xWxCDT1oMx1EULyqxncdCY/NVSQ==",
        "dependencies": {
          "@octokit/openapi-types": "@octokit/openapi-types@22.2.0"
        }
      },
      "@types/unist@2.0.10": {
        "integrity": "sha512-IfYcSBWE3hLpBg8+X2SEa8LVkJdJEkT2Ese2aaLs3ptGdVtABxndrMaxuFlQ1qdFf9Q5rDvDpxI3WwgvKFAsQA==",
        "dependencies": {}
      },
      "before-after-hook@2.2.3": {
        "integrity": "sha512-NzUnlZexiaH/46WDhANlyR2bXRopNg4F/zuSA3OpZnllCUgRaOF2znDioDWrmbNVsuZk6l9pMquQB38cfBZwkQ==",
        "dependencies": {}
      },
      "before-after-hook@3.0.2": {
        "integrity": "sha512-Nik3Sc0ncrMK4UUdXQmAnRtzmNQTAAXmXIopizwZ1W1t8QmfJj+zL4OA2I7XPTPW5z5TDqv4hRo/JzouDJnX3A==",
        "dependencies": {}
      },
      "dedent@1.5.3": {
        "integrity": "sha512-NHQtfOOW68WD8lgypbLA5oT+Bt0xXJhiYvoR6SmmNXZfpzOGXwdKWmcwG8N7PwVVWV3eF/68nmD9BaJSsTBhyQ==",
        "dependencies": {}
      },
      "deprecation@2.3.1": {
        "integrity": "sha512-xmHIy4F3scKVwMsQ4WnVaS8bHOx0DmVwRywosKhaILI0ywMDWPtBSku2HNxRvF7jtwDRsoEwYQSfbxj8b7RlJQ==",
        "dependencies": {}
      },
      "once@1.4.0": {
        "integrity": "sha512-lNaJgI+2Q5URQBkccEKHTQOPaXdUxnZZElQTZY0MFUAuaEqe1E+Nyvgdz/aIyNi6Z9MzO5dv1H8n58/GELp3+w==",
        "dependencies": {
          "wrappy": "wrappy@1.0.2"
        }
      },
      "ts-toolbelt@9.6.0": {
        "integrity": "sha512-nsZd8ZeNUzukXPlJmTBwUAuABDe/9qtVDelJeT/qW0ow3ZS3BsQJtNkan1802aM9Uf68/Y8ljw86Hu0h5IUW3w==",
        "dependencies": {}
      },
      "tunnel@0.0.6": {
        "integrity": "sha512-1h/Lnq9yajKY2PEbBadPXj3VxsDDu844OnaAo52UVmIzIvwwtBPIuNvkjuzBlTWpfJyUbG3ez0KSBibQkj4ojg==",
        "dependencies": {}
      },
      "undici@5.28.4": {
        "integrity": "sha512-72RFADWFqKmUb2hmmvNODKL3p9hcB6Gt2DOQMis1SEBaV6a4MH8soBvzg+95CYhCKPFedut2JY9bMfrDl9D23g==",
        "dependencies": {
          "@fastify/busboy": "@fastify/busboy@2.1.1"
        }
      },
      "unist-util-is@4.1.0": {
        "integrity": "sha512-ZOQSsnce92GrxSqlnEEseX0gi7GH9zTJZ0p9dtu87WRb/37mMPO2Ilx1s/t9vBHrFhbgweUwb+t7cIn5dxPhZg==",
        "dependencies": {}
      },
      "unist-util-visit-parents@3.1.1": {
        "integrity": "sha512-1KROIZWo6bcMrZEwiH2UrXDyalAa0uqzWCxCJj6lPOvTve2WkfgCytoDTPaMnodXh1WrXOq0haVYHj99ynJlsg==",
        "dependencies": {
          "@types/unist": "@types/unist@2.0.10",
          "unist-util-is": "unist-util-is@4.1.0"
        }
      },
      "unist-util-visit@2.0.3": {
        "integrity": "sha512-iJ4/RczbJMkD0712mGktuGpm/U4By4FfDonL7N/9tATGIF4imikjOuagyMY53tnZq3NP6BcmlrHhEKAfGWjh7Q==",
        "dependencies": {
          "@types/unist": "@types/unist@2.0.10",
          "unist-util-is": "unist-util-is@4.1.0",
          "unist-util-visit-parents": "unist-util-visit-parents@3.1.1"
        }
      },
      "universal-user-agent@6.0.1": {
        "integrity": "sha512-yCzhz6FN2wU1NiiQRogkTQszlQSlpWaw8SvVegAc+bDxbzHgh1vX8uIe8OYyMH6DwH+sdTJsgMl36+mSMdRJIQ==",
        "dependencies": {}
      },
      "universal-user-agent@7.0.2": {
        "integrity": "sha512-0JCqzSKnStlRRQfCdowvqy3cy0Dvtlb8xecj/H8JFZuCze4rwjPZQOgvFvn0Ws/usCHQFGpyr+pB9adaGwXn4Q==",
        "dependencies": {}
      },
      "uuid@8.3.2": {
        "integrity": "sha512-+NYs2QeMWy+GWFOEm9xnn6HCDp0l7QBD7ml8zLUmJ+93Q5NF0NocErnwkTkXVFNiX3/fpC6afS8Dhb/gz7R7eg==",
        "dependencies": {}
      },
      "wrappy@1.0.2": {
        "integrity": "sha512-l4Sp/DRseor9wL6EvV2+TuQn63dMkPjZ/sp9XkghTEbV9KlPS1xUsZ3u7/IQO4wxtcFB4bgpQPRcR3QCvezPcQ==",
        "dependencies": {}
      }
    }
  },
  "remote": {},
  "workspace": {
    "dependencies": [
      "jsr:@core/match@^0.3.1",
      "jsr:@core/unknownutil@^3.18.1",
      "jsr:@molt/core@^0.19.1",
      "jsr:@molt/integration@^0.19.0",
      "jsr:@molt/lib@^0.19.0",
      "jsr:@std/assert@^1.0.0",
      "jsr:@std/collections@^1.0.0",
      "jsr:@std/fs@^1.0.0",
      "jsr:@std/jsonc@^1.0.0",
      "jsr:@std/path@^1.0.0",
      "jsr:@std/semver@^0.224.3",
      "npm:@actions/core@^1.10.1",
      "npm:@actions/github@^6.0.0",
      "npm:dedent@^1.5.3"
    ]
  }
}
