{
  "version": "3",
  "packages": {
    "specifiers": {
      "jsr:@std/assert@0.224.0": "jsr:@std/assert@0.224.0",
      "jsr:@std/collections@0.224.0": "jsr:@std/collections@0.224.0",
      "jsr:@std/fmt@^0.224.0": "jsr:@std/fmt@0.224.0",
      "jsr:@std/internal@^0.224.0": "jsr:@std/internal@0.224.0",
      "npm:@actions/core@1.10.0": "npm:@actions/core@1.10.0"
    },
    "jsr": {
      "@std/assert@0.224.0": {
        "integrity": "8643233ec7aec38a940a8264a6e3eed9bfa44e7a71cc6b3c8874213ff401967f",
        "dependencies": [
          "jsr:@std/fmt@^0.224.0",
          "jsr:@std/internal@^0.224.0"
        ]
      },
      "@std/collections@0.224.0": {
        "integrity": "d00201d1833c6e05371c7e9f0b178522597b1dda0b0a9ecf0c579414e1dd2770"
      },
      "@std/fmt@0.224.0": {
        "integrity": "e20e9a2312a8b5393272c26191c0a68eda8d2c4b08b046bad1673148f1d69851"
      },
      "@std/internal@0.224.0": {
        "integrity": "afc50644f9cdf4495eeb80523a8f6d27226b4b36c45c7c195dfccad4b8509291"
      }
    },
    "npm": {
      "@actions/core@1.10.0": {
        "integrity": "sha512-2aZDDa3zrrZbP5ZYg159sNoLRb61nQ7awl5pSvIq5Qpj81vwDzdMRKzkWJGJuwVvWpvZKx7vspJALyvaaIQyug==",
        "dependencies": {
          "@actions/http-client": "@actions/http-client@2.2.1",
          "uuid": "uuid@8.3.2"
        }
      },
      "@actions/http-client@2.2.1": {
        "integrity": "sha512-KhC/cZsq7f8I4LfZSJKgCvEwfkE8o1538VoBeoGzokVLLnbFDEAdFD3UhoMklxo2un9NJVBdANOresx7vTHlHw==",
        "dependencies": {
          "tunnel": "tunnel@0.0.6",
          "undici": "undici@5.28.4"
        }
      },
      "@fastify/busboy@2.1.1": {
        "integrity": "sha512-vBZP4NlzfOlerQTnba4aqZoMhE/a9HY7HRqoOPaETQcSQuWEIyZMHGfVu6w9wGtGK5fED5qRs2DteVCjOH60sA==",
        "dependencies": {}
      },
      "tunnel@0.0.6": {
        "integrity": "sha512-1h/Lnq9yajKY2PEbBadPXj3VxsDDu844OnaAo52UVmIzIvwwtBPIuNvkjuzBlTWpfJyUbG3ez0KSBibQkj4ojg==",
        "dependencies": {}
      },
      "undici@5.28.4": {
        "integrity": "sha512-72RFADWFqKmUb2hmmvNODKL3p9hcB6Gt2DOQMis1SEBaV6a4MH8soBvzg+95CYhCKPFedut2JY9bMfrDl9D23g==",
        "dependencies": {
          "@fastify/busboy": "@fastify/busboy@2.1.1"
        }
      },
      "uuid@8.3.2": {
        "integrity": "sha512-+NYs2QeMWy+GWFOEm9xnn6HCDp0l7QBD7ml8zLUmJ+93Q5NF0NocErnwkTkXVFNiX3/fpC6afS8Dhb/gz7R7eg==",
        "dependencies": {}
      }
    }
  },
  "remote": {},
  "workspace": {
    "dependencies": [
      "jsr:@molt/core@0.18.0",
      "npm:@actions/core@1.10.0"
    ]
  }
}
