{
  "version": "3",
  "packages": {
    "specifiers": {
      "jsr:@luca/flag@^1.0.0": "jsr:@luca/flag@1.0.0"
    },
    "jsr": {
      "@luca/flag@1.0.0": {
        "integrity": "1c76cf54839a86d0929a619c61bd65bb73d7d8a4e31788e48c720dbc46c5d546"
      }
    }
  },
  "remote": {
    "https://deno.land/std@0.222.0/bytes/copy.ts": "f29c03168853720dfe82eaa57793d0b9e3543ebfe5306684182f0f1e3bfd422a"
  },
  "workspace": {
    "dependencies": [
      "jsr:@luca/flag@^1.0.0"
    ]
  }
}
